{
    "_readme": [
        "This file locks the dependencies of your project to a known state",
        "Read more about it at http://getcomposer.org/doc/01-basic-usage.md#composer-lock-the-lock-file",
        "This file is @generated automatically"
    ],
    "hash": "f5d0ad69992f118fd26f4ab448087619",
    "packages": [
        {
            "name": "kdyby/translation",
            "version": "dev-master",
            "source": {
                "type": "git",
                "url": "https://github.com/Kdyby/Translation.git",
                "reference": "631f70bf66504b66a2e2bad1e568540e0a12770c"
            },
            "dist": {
                "type": "zip",
                "url": "https://api.github.com/repos/Kdyby/Translation/zipball/631f70bf66504b66a2e2bad1e568540e0a12770c",
                "reference": "631f70bf66504b66a2e2bad1e568540e0a12770c",
                "shasum": ""
            },
            "require": {
                "latte/latte": "~2.2@dev",
                "nette/caching": "~2.2@dev",
                "nette/di": "~2.2@dev",
                "nette/finder": "~2.2@dev",
                "nette/http": "~2.2@dev",
                "nette/neon": "~2.2@dev",
                "nette/php-generator": "~2.2@dev",
                "nette/reflection": "~2.2@dev",
                "nette/utils": "~2.2@dev",
                "symfony/config": "~2.4",
                "symfony/translation": "~2.4"
            },
            "require-dev": {
                "jakub-onderka/php-parallel-lint": "~0.6",
                "latte/latte": "~2.2@dev",
                "nette/application": "~2.2@dev",
                "nette/bootstrap": "~2.2@dev",
                "nette/caching": "~2.2@dev",
                "nette/component-model": "~2.2@dev",
                "nette/database": "~2.2@dev",
                "nette/di": "~2.2@dev",
                "nette/finder": "~2.2@dev",
                "nette/forms": "~2.2@dev",
                "nette/http": "~2.2@dev",
                "nette/mail": "~2.2@dev",
                "nette/neon": "~2.2@dev",
                "nette/nette": "~2.2@dev",
                "nette/php-generator": "~2.2@dev",
                "nette/reflection": "~2.2@dev",
                "nette/robot-loader": "~2.2@dev",
                "nette/safe-stream": "~2.2@dev",
                "nette/security": "~2.2@dev",
                "nette/tester": "@dev",
                "nette/tokenizer": "~2.2@dev",
                "nette/utils": "~2.2@dev",
                "symfony/console": "~2.4",
                "tracy/tracy": "~2.2@dev"
            },
            "suggest": {
                "kdyby/console": "If you wanna use extract command and much others, install also console.",
                "symfony/locale": "Locale component provides fallback code to handle cases when the intl extension is missing.",
                "symfony/yaml": "If you wanna store translations in YAML format - supports multiline strings.",
                "tracy/tracy": "Diagnostics tool from Nette"
            },
            "type": "library",
            "extra": {
                "branch-alias": {
                    "dev-master": "2.0-dev"
                }
            },
            "autoload": {
                "psr-0": {
                    "Kdyby\\Translation": "src/"
                },
                "classmap": [
                    "src/Kdyby/Translation/exceptions.php"
                ]
            },
            "notification-url": "https://packagist.org/downloads/",
            "license": [
                "BSD-3-Clause",
                "GPL-2.0",
                "GPL-3.0"
            ],
            "authors": [
                {
                    "name": "Filip Procházka",
                    "email": "filip@prochazka.su",
                    "homepage": "http://filip-prochazka.com"
                }
            ],
            "description": "Integration of Symfony/Translation into Nette Framework",
            "homepage": "http://kdyby.org",
            "keywords": [
                "kdyby",
                "nette",
                "translation"
            ],
            "time": "2014-06-24 11:59:09"
        },
        {
            "name": "latte/latte",
            "version": "dev-master",
            "source": {
                "type": "git",
                "url": "https://github.com/nette/latte.git",
                "reference": "7da5ca43d103f846424c894dcd5b9208bd4ad99b"
            },
            "dist": {
                "type": "zip",
                "url": "https://api.github.com/repos/nette/latte/zipball/7da5ca43d103f846424c894dcd5b9208bd4ad99b",
                "reference": "7da5ca43d103f846424c894dcd5b9208bd4ad99b",
                "shasum": ""
            },
            "require": {
                "ext-tokenizer": "*",
                "php": ">=5.3.1"
            },
            "require-dev": {
                "nette/tester": "~1.0"
            },
            "suggest": {
                "ext-fileinfo": "to use filter |datastream",
                "ext-mbstring": "to use filters like lower, upper, capitalize, ..."
            },
            "type": "library",
            "extra": {
                "branch-alias": {
                    "dev-master": "2.3-dev"
                }
            },
            "autoload": {
                "classmap": [
                    "src/"
                ]
            },
            "notification-url": "https://packagist.org/downloads/",
            "license": [
                "BSD-3-Clause",
                "GPL-2.0",
                "GPL-3.0"
            ],
            "authors": [
                {
                    "name": "David Grudl",
                    "homepage": "http://davidgrudl.com"
                },
                {
                    "name": "Nette Community",
                    "homepage": "http://nette.org/contributors"
                }
            ],
            "description": "Latte: the amazing template engine for PHP",
            "homepage": "http://latte.nette.org",
            "keywords": [
                "templating",
                "twig"
            ],
            "time": "2014-07-07 20:42:01"
        },
        {
            "name": "nette/application",
            "version": "dev-master",
            "source": {
                "type": "git",
                "url": "https://github.com/nette/application.git",
                "reference": "0b27b55cc8aeec14a6209501b9bad16ebac493cd"
            },
            "dist": {
                "type": "zip",
                "url": "https://api.github.com/repos/nette/application/zipball/0b27b55cc8aeec14a6209501b9bad16ebac493cd",
                "reference": "0b27b55cc8aeec14a6209501b9bad16ebac493cd",
                "shasum": ""
            },
            "require": {
                "nette/component-model": "~2.2",
                "nette/di": "~2.2",
                "nette/http": "~2.2",
                "nette/reflection": "~2.2",
                "nette/security": "~2.2",
                "nette/utils": "~2.2",
                "php": ">=5.3.1"
            },
            "conflict": {
                "nette/nette": "<2.2"
            },
            "require-dev": {
                "latte/latte": "~2.2.2",
                "nette/tester": "~1.0"
            },
            "suggest": {
                "nette/forms": "Allows to use Nette\\Application\\UI\\Form"
            },
            "type": "library",
            "extra": {
                "branch-alias": {
                    "dev-master": "2.3-dev"
                }
            },
            "autoload": {
                "classmap": [
                    "src/"
                ]
            },
            "notification-url": "https://packagist.org/downloads/",
            "license": [
                "BSD-3-Clause",
                "GPL-2.0",
                "GPL-3.0"
            ],
            "authors": [
                {
                    "name": "David Grudl",
                    "homepage": "http://davidgrudl.com"
                },
                {
                    "name": "Nette Community",
                    "homepage": "http://nette.org/contributors"
                }
            ],
            "description": "Nette Application MVC Component",
            "homepage": "http://nette.org",
            "time": "2014-07-09 00:26:42"
        },
        {
            "name": "nette/bootstrap",
            "version": "dev-master",
            "source": {
                "type": "git",
                "url": "https://github.com/nette/bootstrap.git",
                "reference": "cc33037ea5d607effd693cc4d5380dd749ce2dfe"
            },
            "dist": {
                "type": "zip",
                "url": "https://api.github.com/repos/nette/bootstrap/zipball/cc33037ea5d607effd693cc4d5380dd749ce2dfe",
                "reference": "cc33037ea5d607effd693cc4d5380dd749ce2dfe",
                "shasum": ""
            },
            "require": {
                "nette/di": "~2.2",
                "nette/utils": "~2.2",
                "php": ">=5.3.1"
            },
            "conflict": {
                "nette/nette": "<2.2"
            },
            "require-dev": {
                "latte/latte": "~2.2",
                "nette/application": "~2.2",
                "nette/database": "~2.2",
                "nette/mail": "~2.2",
                "nette/robot-loader": "~2.2",
                "nette/safe-stream": "~2.2",
                "nette/security": "~2.2",
                "nette/tester": "~1.0",
                "tracy/tracy": "~2.2"
            },
            "type": "library",
            "extra": {
                "branch-alias": {
                    "dev-master": "2.3-dev"
                }
            },
            "autoload": {
                "classmap": [
                    "src/"
                ]
            },
            "notification-url": "https://packagist.org/downloads/",
            "license": [
                "BSD-3-Clause",
                "GPL-2.0",
                "GPL-3.0"
            ],
            "authors": [
                {
                    "name": "David Grudl",
                    "homepage": "http://davidgrudl.com"
                },
                {
                    "name": "Nette Community",
                    "homepage": "http://nette.org/contributors"
                }
            ],
            "description": "Nette Bootstrap",
            "homepage": "http://nette.org",
            "time": "2014-07-10 21:48:03"
        },
        {
            "name": "nette/caching",
            "version": "dev-master",
            "source": {
                "type": "git",
                "url": "https://github.com/nette/caching.git",
                "reference": "3d9bdc156430c8f253ae793e7b7a697c78d4e179"
            },
            "dist": {
                "type": "zip",
                "url": "https://api.github.com/repos/nette/caching/zipball/3d9bdc156430c8f253ae793e7b7a697c78d4e179",
                "reference": "3d9bdc156430c8f253ae793e7b7a697c78d4e179",
                "shasum": ""
            },
            "require": {
                "nette/finder": "~2.2",
                "nette/utils": "~2.2",
                "php": ">=5.3.1"
            },
            "conflict": {
                "nette/nette": "<2.2"
            },
            "require-dev": {
                "latte/latte": "~2.2.2",
                "nette/tester": "~1.0"
            },
            "type": "library",
            "extra": {
                "branch-alias": {
                    "dev-master": "2.3-dev"
                }
            },
            "autoload": {
                "classmap": [
                    "src/"
                ]
            },
            "notification-url": "https://packagist.org/downloads/",
            "license": [
                "BSD-3-Clause",
                "GPL-2.0",
                "GPL-3.0"
            ],
            "authors": [
                {
                    "name": "David Grudl",
                    "homepage": "http://davidgrudl.com"
                },
                {
                    "name": "Nette Community",
                    "homepage": "http://nette.org/contributors"
                }
            ],
            "description": "Nette Caching Component",
            "homepage": "http://nette.org",
            "time": "2014-07-07 20:15:56"
        },
        {
            "name": "nette/component-model",
            "version": "dev-master",
            "source": {
                "type": "git",
                "url": "https://github.com/nette/component-model.git",
                "reference": "426f464e261207d5ef973ce1082f617f0a347a3d"
            },
            "dist": {
                "type": "zip",
                "url": "https://api.github.com/repos/nette/component-model/zipball/426f464e261207d5ef973ce1082f617f0a347a3d",
                "reference": "426f464e261207d5ef973ce1082f617f0a347a3d",
                "shasum": ""
            },
            "require": {
                "nette/utils": "~2.2",
                "php": ">=5.3.1"
            },
            "conflict": {
                "nette/nette": "<2.2"
            },
            "require-dev": {
                "nette/tester": "~1.0"
            },
            "type": "library",
            "extra": {
                "branch-alias": {
                    "dev-master": "2.3-dev"
                }
            },
            "autoload": {
                "classmap": [
                    "src/"
                ]
            },
            "notification-url": "https://packagist.org/downloads/",
            "license": [
                "BSD-3-Clause",
                "GPL-2.0",
                "GPL-3.0"
            ],
            "authors": [
                {
                    "name": "David Grudl",
                    "homepage": "http://davidgrudl.com"
                },
                {
                    "name": "Nette Community",
                    "homepage": "http://nette.org/contributors"
                }
            ],
            "description": "Nette Component Model",
            "homepage": "http://nette.org",
            "time": "2014-05-25 06:26:51"
        },
        {
            "name": "nette/database",
            "version": "dev-master",
            "source": {
                "type": "git",
                "url": "https://github.com/nette/database.git",
                "reference": "65f0b5ec7387dd6b3ac5ad69d4746f599b86fc45"
            },
            "dist": {
                "type": "zip",
                "url": "https://api.github.com/repos/nette/database/zipball/65f0b5ec7387dd6b3ac5ad69d4746f599b86fc45",
                "reference": "65f0b5ec7387dd6b3ac5ad69d4746f599b86fc45",
                "shasum": ""
            },
            "require": {
                "ext-pdo": "*",
                "nette/caching": "~2.2",
                "nette/utils": "~2.2",
                "php": ">=5.3.1"
            },
            "conflict": {
                "nette/nette": "<2.2"
            },
            "require-dev": {
                "mockery/mockery": "~0.9.1",
                "nette/tester": "~1.0"
            },
            "type": "library",
            "extra": {
                "branch-alias": {
                    "dev-master": "2.3-dev"
                }
            },
            "autoload": {
                "classmap": [
                    "src/"
                ]
            },
            "notification-url": "https://packagist.org/downloads/",
            "license": [
                "BSD-3-Clause",
                "GPL-2.0",
                "GPL-3.0"
            ],
            "authors": [
                {
                    "name": "David Grudl",
                    "homepage": "http://davidgrudl.com"
                },
                {
                    "name": "Nette Community",
                    "homepage": "http://nette.org/contributors"
                }
            ],
            "description": "Nette Database Component",
            "homepage": "http://nette.org",
            "time": "2014-07-11 13:50:41"
        },
        {
            "name": "nette/di",
            "version": "dev-master",
            "source": {
                "type": "git",
                "url": "https://github.com/nette/di.git",
                "reference": "a509a69b12e40ebc560d6cf4ea64a7b76f4c4640"
            },
            "dist": {
                "type": "zip",
                "url": "https://api.github.com/repos/nette/di/zipball/a509a69b12e40ebc560d6cf4ea64a7b76f4c4640",
                "reference": "a509a69b12e40ebc560d6cf4ea64a7b76f4c4640",
                "shasum": ""
            },
            "require": {
                "nette/neon": "~2.2",
                "nette/php-generator": "~2.2",
                "nette/reflection": "~2.2",
                "nette/utils": "~2.2",
                "php": ">=5.3.1"
            },
            "conflict": {
                "nette/nette": "<2.2"
            },
            "require-dev": {
                "nette/tester": "~1.0"
            },
            "type": "library",
            "extra": {
                "branch-alias": {
                    "dev-master": "2.3-dev"
                }
            },
            "autoload": {
                "classmap": [
                    "src/"
                ]
            },
            "notification-url": "https://packagist.org/downloads/",
            "license": [
                "BSD-3-Clause",
                "GPL-2.0",
                "GPL-3.0"
            ],
            "authors": [
                {
                    "name": "David Grudl",
                    "homepage": "http://davidgrudl.com"
                },
                {
                    "name": "Nette Community",
                    "homepage": "http://nette.org/contributors"
                }
            ],
            "description": "Nette Dependency Injection Component",
            "homepage": "http://nette.org",
            "time": "2014-07-11 15:34:10"
        },
        {
            "name": "nette/finder",
            "version": "dev-master",
            "source": {
                "type": "git",
                "url": "https://github.com/nette/finder.git",
                "reference": "95f452604573e88b6b2bb452eff6f29c4cad49b8"
            },
            "dist": {
                "type": "zip",
                "url": "https://api.github.com/repos/nette/finder/zipball/95f452604573e88b6b2bb452eff6f29c4cad49b8",
                "reference": "95f452604573e88b6b2bb452eff6f29c4cad49b8",
                "shasum": ""
            },
            "require": {
                "nette/utils": "~2.2",
                "php": ">=5.3.1"
            },
            "conflict": {
                "nette/nette": "<2.2"
            },
            "require-dev": {
                "nette/tester": "~1.0"
            },
            "type": "library",
            "extra": {
                "branch-alias": {
                    "dev-master": "2.3-dev"
                }
            },
            "autoload": {
                "classmap": [
                    "src/"
                ]
            },
            "notification-url": "https://packagist.org/downloads/",
            "license": [
                "BSD-3-Clause",
                "GPL-2.0",
                "GPL-3.0"
            ],
            "authors": [
                {
                    "name": "David Grudl",
                    "homepage": "http://davidgrudl.com"
                },
                {
                    "name": "Nette Community",
                    "homepage": "http://nette.org/contributors"
                }
            ],
            "description": "Nette Finder: Files Searching",
            "homepage": "http://nette.org",
            "time": "2014-07-07 20:24:50"
        },
        {
            "name": "nette/http",
            "version": "dev-master",
            "source": {
                "type": "git",
                "url": "https://github.com/nette/http.git",
                "reference": "09d89fd638379172300835acb87a3f6b248d9765"
            },
            "dist": {
                "type": "zip",
                "url": "https://api.github.com/repos/nette/http/zipball/09d89fd638379172300835acb87a3f6b248d9765",
                "reference": "09d89fd638379172300835acb87a3f6b248d9765",
                "shasum": ""
            },
            "require": {
                "nette/utils": "~2.2",
                "php": ">=5.3.1"
            },
            "conflict": {
                "nette/nette": "<2.2"
            },
            "require-dev": {
                "nette/tester": "~1.0"
            },
            "suggest": {
                "ext-fileinfo": "to detect type of uploaded files"
            },
            "type": "library",
            "extra": {
                "branch-alias": {
                    "dev-master": "2.3-dev"
                }
            },
            "autoload": {
                "classmap": [
                    "src/"
                ]
            },
            "notification-url": "https://packagist.org/downloads/",
            "license": [
                "BSD-3-Clause",
                "GPL-2.0",
                "GPL-3.0"
            ],
            "authors": [
                {
                    "name": "David Grudl",
                    "homepage": "http://davidgrudl.com"
                },
                {
                    "name": "Nette Community",
                    "homepage": "http://nette.org/contributors"
                }
            ],
            "description": "Nette HTTP Component",
            "homepage": "http://nette.org",
            "time": "2014-07-07 20:36:46"
        },
        {
            "name": "nette/neon",
            "version": "dev-master",
            "source": {
                "type": "git",
                "url": "https://github.com/nette/neon.git",
                "reference": "873ad0a7a521a15128da9a2c2c243e8470906dae"
            },
            "dist": {
                "type": "zip",
                "url": "https://api.github.com/repos/nette/neon/zipball/873ad0a7a521a15128da9a2c2c243e8470906dae",
                "reference": "873ad0a7a521a15128da9a2c2c243e8470906dae",
                "shasum": ""
            },
            "require": {
                "ext-iconv": "*",
                "php": ">=5.3.1"
            },
            "require-dev": {
                "nette/tester": "~1.0"
            },
            "type": "library",
            "extra": {
                "branch-alias": {
                    "dev-master": "2.3-dev"
                }
            },
            "autoload": {
                "classmap": [
                    "src/"
                ]
            },
            "notification-url": "https://packagist.org/downloads/",
            "license": [
                "BSD-3-Clause",
                "GPL-2.0",
                "GPL-3.0"
            ],
            "authors": [
                {
                    "name": "David Grudl",
                    "homepage": "http://davidgrudl.com"
                },
                {
                    "name": "Nette Community",
                    "homepage": "http://nette.org/contributors"
                }
            ],
            "description": "Nette NEON: parser & generator for Nette Object Notation",
            "homepage": "http://ne-on.org",
            "time": "2014-06-23 22:43:55"
        },
        {
            "name": "nette/php-generator",
            "version": "dev-master",
            "source": {
                "type": "git",
                "url": "https://github.com/nette/php-generator.git",
                "reference": "f3242610a39fb17b40d7aba55b6819071c96b771"
            },
            "dist": {
                "type": "zip",
                "url": "https://api.github.com/repos/nette/php-generator/zipball/f3242610a39fb17b40d7aba55b6819071c96b771",
                "reference": "f3242610a39fb17b40d7aba55b6819071c96b771",
                "shasum": ""
            },
            "require": {
                "nette/utils": "~2.2",
                "php": ">=5.3.1"
            },
            "conflict": {
                "nette/nette": "<2.2"
            },
            "require-dev": {
                "nette/tester": "~1.0"
            },
            "type": "library",
            "extra": {
                "branch-alias": {
                    "dev-master": "2.3-dev"
                }
            },
            "autoload": {
                "classmap": [
                    "src/"
                ]
            },
            "notification-url": "https://packagist.org/downloads/",
            "license": [
                "BSD-3-Clause",
                "GPL-2.0",
                "GPL-3.0"
            ],
            "authors": [
                {
                    "name": "David Grudl",
                    "homepage": "http://davidgrudl.com"
                },
                {
                    "name": "Nette Community",
                    "homepage": "http://nette.org/contributors"
                }
            ],
            "description": "Nette PHP Generator",
            "homepage": "http://nette.org",
            "time": "2014-07-07 20:43:43"
        },
        {
            "name": "nette/reflection",
            "version": "dev-master",
            "source": {
                "type": "git",
                "url": "https://github.com/nette/reflection.git",
                "reference": "a3d2d080e2131a0c4c9efd999b1057b5a073de93"
            },
            "dist": {
                "type": "zip",
                "url": "https://api.github.com/repos/nette/reflection/zipball/a3d2d080e2131a0c4c9efd999b1057b5a073de93",
                "reference": "a3d2d080e2131a0c4c9efd999b1057b5a073de93",
                "shasum": ""
            },
            "require": {
                "ext-tokenizer": "*",
                "nette/caching": "~2.2",
                "nette/utils": "~2.2",
                "php": ">=5.3.1"
            },
            "conflict": {
                "nette/nette": "<2.2"
            },
            "require-dev": {
                "nette/tester": "~1.0"
            },
            "type": "library",
            "extra": {
                "branch-alias": {
                    "dev-master": "2.3-dev"
                }
            },
            "autoload": {
                "classmap": [
                    "src/"
                ]
            },
            "notification-url": "https://packagist.org/downloads/",
            "license": [
                "BSD-3-Clause",
                "GPL-2.0",
                "GPL-3.0"
            ],
            "authors": [
                {
                    "name": "David Grudl",
                    "homepage": "http://davidgrudl.com"
                },
                {
                    "name": "Nette Community",
                    "homepage": "http://nette.org/contributors"
                }
            ],
            "description": "Nette PHP Reflection Component",
            "homepage": "http://nette.org",
            "time": "2014-07-07 20:45:20"
        },
        {
            "name": "nette/security",
            "version": "dev-master",
            "source": {
                "type": "git",
                "url": "https://github.com/nette/security.git",
                "reference": "20a6c88620f60bb6dc7e16bea0db2d85ea3df90f"
            },
            "dist": {
                "type": "zip",
                "url": "https://api.github.com/repos/nette/security/zipball/20a6c88620f60bb6dc7e16bea0db2d85ea3df90f",
                "reference": "20a6c88620f60bb6dc7e16bea0db2d85ea3df90f",
                "shasum": ""
            },
            "require": {
                "nette/utils": "~2.2",
                "php": ">=5.3.1"
            },
            "conflict": {
                "nette/nette": "<2.2"
            },
            "require-dev": {
                "nette/tester": "~1.0"
            },
            "type": "library",
            "extra": {
                "branch-alias": {
                    "dev-master": "2.3-dev"
                }
            },
            "autoload": {
                "classmap": [
                    "src/"
                ]
            },
            "notification-url": "https://packagist.org/downloads/",
            "license": [
                "BSD-3-Clause",
                "GPL-2.0",
                "GPL-3.0"
            ],
            "authors": [
                {
                    "name": "David Grudl",
                    "homepage": "http://davidgrudl.com"
                },
                {
                    "name": "Nette Community",
                    "homepage": "http://nette.org/contributors"
                }
            ],
            "description": "Nette Security: Access Control Component",
            "homepage": "http://nette.org",
            "time": "2014-05-25 06:30:30"
        },
        {
            "name": "nette/utils",
            "version": "dev-master",
            "source": {
                "type": "git",
                "url": "https://github.com/nette/utils.git",
                "reference": "05e2b7f292b9e36b92388cec8d5e875b9b5faea1"
            },
            "dist": {
                "type": "zip",
                "url": "https://api.github.com/repos/nette/utils/zipball/05e2b7f292b9e36b92388cec8d5e875b9b5faea1",
                "reference": "05e2b7f292b9e36b92388cec8d5e875b9b5faea1",
                "shasum": ""
            },
            "require": {
                "php": ">=5.3.1"
            },
            "conflict": {
                "nette/nette": "<2.2"
            },
            "require-dev": {
                "nette/tester": "~1.0"
            },
            "suggest": {
                "ext-gd": "to use Image",
                "ext-iconv": "to use Strings::webalize() and toAscii()",
                "ext-mbstring": "to use Strings::lower() etc..."
            },
            "type": "library",
            "extra": {
                "branch-alias": {
                    "dev-master": "2.3-dev"
                }
            },
            "autoload": {
                "classmap": [
                    "src/"
                ]
            },
            "notification-url": "https://packagist.org/downloads/",
            "license": [
                "BSD-3-Clause",
                "GPL-2.0",
                "GPL-3.0"
            ],
            "authors": [
                {
                    "name": "David Grudl",
                    "homepage": "http://davidgrudl.com"
                },
                {
                    "name": "Nette Community",
                    "homepage": "http://nette.org/contributors"
                }
            ],
            "description": "Nette Utility Classes",
            "homepage": "http://nette.org",
            "time": "2014-07-07 20:50:38"
        },
        {
            "name": "symfony/config",
            "version": "dev-master",
            "target-dir": "Symfony/Component/Config",
            "source": {
                "type": "git",
                "url": "https://github.com/symfony/Config.git",
                "reference": "78e54ac20db6a6ed4e43ea2328c73742c0d18d09"
            },
            "dist": {
                "type": "zip",
                "url": "https://api.github.com/repos/symfony/Config/zipball/78e54ac20db6a6ed4e43ea2328c73742c0d18d09",
                "reference": "78e54ac20db6a6ed4e43ea2328c73742c0d18d09",
                "shasum": ""
            },
            "require": {
                "php": ">=5.3.3",
                "symfony/filesystem": "~2.3"
            },
            "type": "library",
            "extra": {
                "branch-alias": {
                    "dev-master": "2.6-dev"
                }
            },
            "autoload": {
                "psr-0": {
                    "Symfony\\Component\\Config\\": ""
                }
            },
            "notification-url": "https://packagist.org/downloads/",
            "license": [
                "MIT"
            ],
            "authors": [
                {
                    "name": "Fabien Potencier",
                    "email": "fabien@symfony.com",
                    "homepage": "http://fabien.potencier.org",
                    "role": "Lead Developer"
                },
                {
                    "name": "Symfony Community",
                    "homepage": "http://symfony.com/contributors"
                }
            ],
            "description": "Symfony Config Component",
            "homepage": "http://symfony.com",
            "time": "2014-07-08 12:21:41"
        },
        {
            "name": "symfony/filesystem",
            "version": "dev-master",
            "target-dir": "Symfony/Component/Filesystem",
            "source": {
                "type": "git",
                "url": "https://github.com/symfony/Filesystem.git",
                "reference": "37568a160cf9dcfac46943a9e7825b45f209a6c0"
            },
            "dist": {
                "type": "zip",
                "url": "https://api.github.com/repos/symfony/Filesystem/zipball/37568a160cf9dcfac46943a9e7825b45f209a6c0",
                "reference": "37568a160cf9dcfac46943a9e7825b45f209a6c0",
                "shasum": ""
            },
            "require": {
                "php": ">=5.3.3"
            },
            "type": "library",
            "extra": {
                "branch-alias": {
                    "dev-master": "2.6-dev"
                }
            },
            "autoload": {
                "psr-0": {
                    "Symfony\\Component\\Filesystem\\": ""
                }
            },
            "notification-url": "https://packagist.org/downloads/",
            "license": [
                "MIT"
            ],
            "authors": [
                {
                    "name": "Fabien Potencier",
                    "email": "fabien@symfony.com",
                    "homepage": "http://fabien.potencier.org",
                    "role": "Lead Developer"
                },
                {
                    "name": "Symfony Community",
                    "homepage": "http://symfony.com/contributors"
                }
            ],
            "description": "Symfony Filesystem Component",
            "homepage": "http://symfony.com",
            "time": "2014-07-09 09:06:26"
        },
        {
            "name": "symfony/translation",
            "version": "dev-master",
            "target-dir": "Symfony/Component/Translation",
            "source": {
                "type": "git",
                "url": "https://github.com/symfony/Translation.git",
                "reference": "aae12f47f4496ff79c38847e68ba5437f2dc1044"
            },
            "dist": {
                "type": "zip",
                "url": "https://api.github.com/repos/symfony/Translation/zipball/aae12f47f4496ff79c38847e68ba5437f2dc1044",
                "reference": "aae12f47f4496ff79c38847e68ba5437f2dc1044",
                "shasum": ""
            },
            "require": {
                "php": ">=5.3.3"
            },
            "require-dev": {
                "symfony/config": "~2.0",
                "symfony/yaml": "~2.2"
            },
            "suggest": {
                "symfony/config": "",
                "symfony/yaml": ""
            },
            "type": "library",
            "extra": {
                "branch-alias": {
                    "dev-master": "2.6-dev"
                }
            },
            "autoload": {
                "psr-0": {
                    "Symfony\\Component\\Translation\\": ""
                }
            },
            "notification-url": "https://packagist.org/downloads/",
            "license": [
                "MIT"
            ],
            "authors": [
                {
                    "name": "Fabien Potencier",
                    "email": "fabien@symfony.com",
                    "homepage": "http://fabien.potencier.org",
                    "role": "Lead Developer"
                },
                {
                    "name": "Symfony Community",
                    "homepage": "http://symfony.com/contributors"
                }
            ],
            "description": "Symfony Translation Component",
            "homepage": "http://symfony.com",
            "time": "2014-07-11 11:07:55"
        },
        {
            "name": "tracy/tracy",
            "version": "dev-master",
            "source": {
                "type": "git",
                "url": "https://github.com/nette/tracy.git",
                "reference": "f8782687330a0c06ab69ac95eb5428c1d516cc66"
            },
            "dist": {
                "type": "zip",
                "url": "https://api.github.com/repos/nette/tracy/zipball/f8782687330a0c06ab69ac95eb5428c1d516cc66",
                "reference": "f8782687330a0c06ab69ac95eb5428c1d516cc66",
                "shasum": ""
            },
            "require": {
                "php": ">=5.3.1"
            },
            "require-dev": {
                "nette/tester": "~1.0"
            },
            "type": "library",
            "extra": {
                "branch-alias": {
                    "dev-master": "2.3-dev"
                }
            },
            "autoload": {
                "classmap": [
                    "src/Tracy"
                ],
                "files": [
                    "src/shortcuts.php"
                ]
            },
            "notification-url": "https://packagist.org/downloads/",
            "license": [
                "BSD-3-Clause",
                "GPL-2.0",
                "GPL-3.0"
            ],
            "authors": [
                {
                    "name": "David Grudl",
                    "homepage": "http://davidgrudl.com"
                },
                {
                    "name": "Nette Community",
                    "homepage": "http://nette.org/contributors"
                }
            ],
            "description": "Tracy: useful PHP debugger",
            "homepage": "http://tracy.nette.org",
            "keywords": [
                "debug",
                "debugger",
                "nette"
            ],
            "time": "2014-07-09 12:41:45"
        },
        {
            "name": "webedit/admin",
            "version": "dev-master",
            "source": {
                "type": "git",
                "url": "https://github.com/webedit/admin.git",
                "reference": "29ee3c448085058a2758a88691c23289a1cd61fa"
            },
            "dist": {
                "type": "zip",
                "url": "https://api.github.com/repos/webedit/admin/zipball/29ee3c448085058a2758a88691c23289a1cd61fa",
                "reference": "29ee3c448085058a2758a88691c23289a1cd61fa",
                "shasum": ""
            },
            "require": {
                "webedit/application": "dev-master"
            },
            "type": "library",
            "autoload": {
                "psr-4": {
                    "WebEdit\\": "src/"
                }
            },
            "notification-url": "https://packagist.org/downloads/",
            "time": "2014-07-02 13:55:31"
        },
        {
            "name": "webedit/application",
            "version": "dev-master",
            "source": {
                "type": "git",
                "url": "https://github.com/webedit/application.git",
                "reference": "9d87bbd99a163ee53098d15f3aecd9d2d9cafa06"
            },
            "dist": {
                "type": "zip",
                "url": "https://api.github.com/repos/webedit/application/zipball/9d87bbd99a163ee53098d15f3aecd9d2d9cafa06",
                "reference": "9d87bbd99a163ee53098d15f3aecd9d2d9cafa06",
                "shasum": ""
            },
            "require": {
                "nette/application": "dev-master",
                "nette/utils": "dev-master",
                "webedit/bootstrap": "dev-master",
                "webedit/menu": "dev-master",
                "webedit/translation": "dev-master"
            },
            "type": "library",
            "autoload": {
                "psr-4": {
                    "WebEdit\\": "src/"
                }
            },
            "notification-url": "https://packagist.org/downloads/",
            "time": "2014-07-02 13:32:32"
        },
        {
            "name": "webedit/bootstrap",
            "version": "dev-master",
            "source": {
                "type": "git",
                "url": "https://github.com/webedit/bootstrap.git",
                "reference": "27801b0bc1c9e614932c69f5706ed64e3a57b88a"
            },
            "dist": {
                "type": "zip",
                "url": "https://api.github.com/repos/webedit/bootstrap/zipball/27801b0bc1c9e614932c69f5706ed64e3a57b88a",
                "reference": "27801b0bc1c9e614932c69f5706ed64e3a57b88a",
                "shasum": ""
            },
            "require": {
                "nette/bootstrap": "dev-master",
                "nette/di": "dev-master",
                "tracy/tracy": "dev-master",
                "webedit/core": "dev-master",
                "webedit/routing": "dev-master"
            },
            "type": "library",
            "autoload": {
                "psr-4": {
                    "WebEdit\\": "src/"
                }
            },
            "notification-url": "https://packagist.org/downloads/",
            "time": "2014-06-29 23:57:06"
        },
        {
            "name": "webedit/core",
            "version": "dev-master",
            "source": {
                "type": "git",
                "url": "https://github.com/webedit/core.git",
                "reference": "bb5cadb771bc36e0da101050d6c936a4530a62a9"
            },
            "dist": {
                "type": "zip",
                "url": "https://api.github.com/repos/webedit/core/zipball/bb5cadb771bc36e0da101050d6c936a4530a62a9",
                "reference": "bb5cadb771bc36e0da101050d6c936a4530a62a9",
                "shasum": ""
            },
            "require": {
                "nette/database": "dev-master",
                "nette/http": "dev-master",
                "nette/utils": "dev-master"
            },
            "type": "library",
            "autoload": {
                "psr-4": {
                    "WebEdit\\": "src/"
                }
            },
            "notification-url": "https://packagist.org/downloads/",
            "time": "2014-06-27 23:58:40"
        },
        {
            "name": "webedit/database",
            "version": "dev-master",
            "source": {
                "type": "git",
                "url": "https://github.com/webedit/database.git",
                "reference": "47eb5c5d4ee601e8fd90db49700c0651799feaa8"
            },
            "dist": {
                "type": "zip",
                "url": "https://api.github.com/repos/webedit/database/zipball/47eb5c5d4ee601e8fd90db49700c0651799feaa8",
                "reference": "47eb5c5d4ee601e8fd90db49700c0651799feaa8",
                "shasum": ""
            },
            "type": "library",
            "autoload": {
                "psr-4": {
                    "WebEdit\\": "src/"
                }
            },
            "notification-url": "https://packagist.org/downloads/",
            "time": "2014-07-14 12:58:48"
        },
        {
            "name": "webedit/front",
            "version": "dev-master",
            "source": {
                "type": "git",
                "url": "https://github.com/webedit/front.git",
                "reference": "d29e0a80eed1e910b6ce9b82030d0e45e8ae4fbf"
            },
            "dist": {
                "type": "zip",
                "url": "https://api.github.com/repos/webedit/front/zipball/d29e0a80eed1e910b6ce9b82030d0e45e8ae4fbf",
                "reference": "d29e0a80eed1e910b6ce9b82030d0e45e8ae4fbf",
                "shasum": ""
            },
            "require": {
                "webedit/application": "dev-master"
            },
            "type": "library",
            "autoload": {
                "psr-4": {
                    "WebEdit\\": "src/"
                }
            },
            "notification-url": "https://packagist.org/downloads/",
            "time": "2014-07-02 13:55:50"
        },
        {
            "name": "webedit/home",
            "version": "dev-master",
            "source": {
                "type": "git",
                "url": "https://github.com/webedit/home.git",
                "reference": "727d6da24dc6678f194bba557f1c9778dc5b254f"
            },
            "dist": {
                "type": "zip",
                "url": "https://api.github.com/repos/webedit/home/zipball/727d6da24dc6678f194bba557f1c9778dc5b254f",
                "reference": "727d6da24dc6678f194bba557f1c9778dc5b254f",
                "shasum": ""
            },
            "require": {
                "webedit/admin": "dev-master",
                "webedit/front": "dev-master",
                "webedit/menu": "dev-master"
            },
            "type": "library",
            "autoload": {
                "psr-4": {
                    "WebEdit\\": "src/"
                }
            },
            "notification-url": "https://packagist.org/downloads/",
            "time": "2014-07-01 22:19:54"
        },
        {
            "name": "webedit/menu",
            "version": "dev-master",
            "source": {
                "type": "git",
                "url": "https://github.com/webedit/menu.git",
                "reference": "8978d372861999b4ba7c7f58bf0e9b418a85b6e4"
            },
            "dist": {
                "type": "zip",
                "url": "https://api.github.com/repos/webedit/menu/zipball/8978d372861999b4ba7c7f58bf0e9b418a85b6e4",
                "reference": "8978d372861999b4ba7c7f58bf0e9b418a85b6e4",
                "shasum": ""
            },
            "require": {
                "webedit/application": "dev-master",
                "webedit/bootstrap": "dev-master",
                "webedit/database": "dev-master",
                "webedit/translation": "dev-master"
            },
            "type": "library",
            "autoload": {
                "psr-4": {
                    "WebEdit\\": "src/"
                }
            },
            "notification-url": "https://packagist.org/downloads/",
            "time": "2014-07-02 22:16:48"
        },
        {
            "name": "webedit/routing",
            "version": "dev-master",
            "source": {
                "type": "git",
                "url": "https://github.com/webedit/routing.git",
                "reference": "fd5584ebe89c36550d09d5f0e7896f12ef7eda66"
            },
            "dist": {
                "type": "zip",
                "url": "https://api.github.com/repos/webedit/routing/zipball/fd5584ebe89c36550d09d5f0e7896f12ef7eda66",
                "reference": "fd5584ebe89c36550d09d5f0e7896f12ef7eda66",
                "shasum": ""
            },
            "require": {
                "nette/application": "dev-master",
                "webedit/bootstrap": "dev-master"
            },
            "type": "library",
            "autoload": {
                "psr-4": {
                    "WebEdit\\": "src/"
                }
            },
            "notification-url": "https://packagist.org/downloads/",
            "time": "2014-07-02 22:16:24"
        },
        {
            "name": "webedit/translation",
            "version": "dev-master",
            "source": {
                "type": "git",
                "url": "https://github.com/webedit/translation.git",
                "reference": "4e3a938ccf8b50a450c8538a16a33bf459aadb0e"
            },
            "dist": {
                "type": "zip",
                "url": "https://api.github.com/repos/webedit/translation/zipball/4e3a938ccf8b50a450c8538a16a33bf459aadb0e",
                "reference": "4e3a938ccf8b50a450c8538a16a33bf459aadb0e",
                "shasum": ""
            },
            "require": {
                "kdyby/translation": "dev-master"
            },
            "type": "library",
            "autoload": {
                "psr-4": {
                    "WebEdit\\": "src/"
                }
            },
            "notification-url": "https://packagist.org/downloads/",
            "time": "2014-06-23 00:32:58"
        }
    ],
    "packages-dev": [

    ],
    "aliases": [

    ],
    "minimum-stability": "dev",
    "stability-flags": {
        "webedit/bootstrap": 20,
        "webedit/home": 20
    },
    "platform": [

    ],
    "platform-dev": [

    ]
}
