{
    "_readme": [
        "This file locks the dependencies of your project to a known state",
        "Read more about it at http://getcomposer.org/doc/01-basic-usage.md#composer-lock-the-lock-file"
    ],
    "hash": "0f91f835b9ff4027a26f0892e88a6fbe",
    "packages": [
        {
            "name": "janmarek/webloader",
            "version": "dev-master",
            "source": {
                "type": "git",
                "url": "https://github.com/janmarek/WebLoader.git",
                "reference": "d48cc80a6cf8d939daca1551a687db82f4da5603"
            },
            "dist": {
                "type": "zip",
                "url": "https://api.github.com/repos/janmarek/WebLoader/zipball/d48cc80a6cf8d939daca1551a687db82f4da5603",
                "reference": "d48cc80a6cf8d939daca1551a687db82f4da5603",
                "shasum": ""
            },
            "require": {
                "nette/nette": "~2.0"
            },
            "require-dev": {
                "mockery/mockery": "0.7.*",
                "phpunit/phpunit": "3.7.*"
            },
            "type": "library",
            "autoload": {
                "psr-0": {
                    "WebLoader": ""
                }
            },
            "notification-url": "https://packagist.org/downloads/",
            "license": [
                "MIT"
            ],
            "authors": [
                {
                    "name": "Jan Marek",
                    "email": "mail@janmarek.net",
                    "homepage": "http://www.janmarek.net/",
                    "role": "Author"
                }
            ],
            "description": "Tool for loading or deploying CSS and JS files into web pages",
            "homepage": "http://addons.nette.org/cs/webloader",
            "keywords": [
                "assets",
                "css",
                "javascript",
                "nette",
                "webloader"
            ],
            "time": "2013-07-03 22:23:40"
        },
        {
            "name": "kdyby/translation",
            "version": "dev-master",
            "source": {
                "type": "git",
                "url": "https://github.com/Kdyby/Translation.git",
                "reference": "ddff95a87692792be1148c28a6b6176017a95e0f"
            },
            "dist": {
                "type": "zip",
                "url": "https://api.github.com/repos/Kdyby/Translation/zipball/ddff95a87692792be1148c28a6b6176017a95e0f",
                "reference": "ddff95a87692792be1148c28a6b6176017a95e0f",
                "shasum": ""
            },
            "require": {
                "nette/nette": "@dev",
                "symfony/config": "~2.3",
                "symfony/translation": "~2.3"
            },
            "require-dev": {
                "nette/tester": "@dev",
                "symfony/console": "~2.2"
            },
            "suggest": {
                "kdyby/console": "If you wanna use extract command and much others, install also console.",
                "symfony/locale": "Locale component provides fallback code to handle cases when the intl extension is missing."
            },
            "type": "library",
            "extra": {
                "branch-alias": {
                    "dev-master": "1.0-dev"
                }
            },
            "autoload": {
                "psr-0": {
                    "Kdyby\\Translation": "src/"
                },
                "classmap": [
                    "src/Kdyby/Translation/exceptions.php"
                ]
            },
            "notification-url": "https://packagist.org/downloads/",
            "license": [
                "BSD-3-Clause",
                "GPL-2.0",
                "GPL-3.0"
            ],
            "authors": [
                {
                    "name": "Filip Procházka",
                    "homepage": "http://filip-prochazka.com"
                }
            ],
            "description": "Integration of Symfony/Translation into Nette Framework",
            "homepage": "http://kdyby.org",
            "keywords": [
                "kdyby",
                "nette",
                "translation"
            ],
            "time": "2013-11-03 00:57:36"
        },
        {
            "name": "nette/nette",
            "version": "dev-master",
            "source": {
                "type": "git",
                "url": "https://github.com/nette/nette.git",
                "reference": "89e2eaef206e0625e74c8089c6382236e0b74849"
            },
            "dist": {
                "type": "zip",
                "url": "https://api.github.com/repos/nette/nette/zipball/89e2eaef206e0625e74c8089c6382236e0b74849",
                "reference": "89e2eaef206e0625e74c8089c6382236e0b74849",
                "shasum": ""
            },
            "require": {
                "ext-iconv": "*",
                "ext-tokenizer": "*",
                "php": ">=5.3.0"
            },
            "require-dev": {
                "nette/tester": "@dev"
            },
            "suggest": {
                "ext-fileinfo": "*",
                "ext-gd": "*",
                "ext-mbstring": "*",
                "ext-memcache": "*",
                "ext-pdo": "*"
            },
            "type": "library",
            "extra": {
                "branch-alias": {
                    "dev-master": "2.1-dev"
                }
            },
            "autoload": {
                "files": [
                    "Nette/loader.php"
                ]
            },
            "notification-url": "https://packagist.org/downloads/",
            "license": [
                "BSD-3-Clause",
                "GPL-2.0",
                "GPL-3.0"
            ],
            "authors": [
                {
                    "name": "David Grudl",
                    "homepage": "http://davidgrudl.com"
                },
                {
                    "name": "Nette Community",
                    "homepage": "http://nette.org/contributors"
                }
            ],
            "description": "Nette Framework - innovative framework for fast and easy development of secured web applications in PHP. Write less, have cleaner code and your work will bring you joy.",
            "homepage": "http://nette.org",
            "keywords": [
                "Forms",
                "database",
                "dbal",
                "debugging",
                "framework",
                "images",
                "latte",
                "mailing",
                "micro",
                "mvc",
                "neon",
                "templating"
            ],
            "time": "2013-11-08 22:00:11"
        },
        {
            "name": "symfony/config",
            "version": "v2.3.6",
            "target-dir": "Symfony/Component/Config",
            "source": {
                "type": "git",
                "url": "https://github.com/symfony/Config.git",
                "reference": "1ced3d6c88b22df8cd1fe5209dbd6a89df362a29"
            },
            "dist": {
                "type": "zip",
                "url": "https://api.github.com/repos/symfony/Config/zipball/1ced3d6c88b22df8cd1fe5209dbd6a89df362a29",
                "reference": "1ced3d6c88b22df8cd1fe5209dbd6a89df362a29",
                "shasum": ""
            },
            "require": {
                "php": ">=5.3.3",
                "symfony/filesystem": "~2.3"
            },
            "type": "library",
            "extra": {
                "branch-alias": {
                    "dev-master": "2.3-dev"
                }
            },
            "autoload": {
                "psr-0": {
                    "Symfony\\Component\\Config\\": ""
                }
            },
            "notification-url": "https://packagist.org/downloads/",
            "license": [
                "MIT"
            ],
            "authors": [
                {
                    "name": "Fabien Potencier",
                    "email": "fabien@symfony.com"
                },
                {
                    "name": "Symfony Community",
                    "homepage": "http://symfony.com/contributors"
                }
            ],
            "description": "Symfony Config Component",
            "homepage": "http://symfony.com",
            "time": "2013-09-19 09:45:20"
        },
        {
            "name": "symfony/filesystem",
            "version": "v2.3.6",
            "target-dir": "Symfony/Component/Filesystem",
            "source": {
                "type": "git",
                "url": "https://github.com/symfony/Filesystem.git",
                "reference": "2b8995042086c5552c94d33b5553c492e9cfc00e"
            },
            "dist": {
                "type": "zip",
                "url": "https://api.github.com/repos/symfony/Filesystem/zipball/2b8995042086c5552c94d33b5553c492e9cfc00e",
                "reference": "2b8995042086c5552c94d33b5553c492e9cfc00e",
                "shasum": ""
            },
            "require": {
                "php": ">=5.3.3"
            },
            "type": "library",
            "extra": {
                "branch-alias": {
                    "dev-master": "2.3-dev"
                }
            },
            "autoload": {
                "psr-0": {
                    "Symfony\\Component\\Filesystem\\": ""
                }
            },
            "notification-url": "https://packagist.org/downloads/",
            "license": [
                "MIT"
            ],
            "authors": [
                {
                    "name": "Fabien Potencier",
                    "email": "fabien@symfony.com"
                },
                {
                    "name": "Symfony Community",
                    "homepage": "http://symfony.com/contributors"
                }
            ],
            "description": "Symfony Filesystem Component",
            "homepage": "http://symfony.com",
            "time": "2013-09-19 09:45:20"
        },
        {
            "name": "symfony/translation",
            "version": "v2.3.6",
            "target-dir": "Symfony/Component/Translation",
            "source": {
                "type": "git",
                "url": "https://github.com/symfony/Translation.git",
                "reference": "6aedcff5ea623316dbf2112b78f2f63a257aab01"
            },
            "dist": {
                "type": "zip",
                "url": "https://api.github.com/repos/symfony/Translation/zipball/6aedcff5ea623316dbf2112b78f2f63a257aab01",
                "reference": "6aedcff5ea623316dbf2112b78f2f63a257aab01",
                "shasum": ""
            },
            "require": {
                "php": ">=5.3.3"
            },
            "require-dev": {
                "symfony/config": "~2.0",
                "symfony/yaml": "~2.2"
            },
            "suggest": {
                "symfony/config": "",
                "symfony/yaml": ""
            },
            "type": "library",
            "extra": {
                "branch-alias": {
                    "dev-master": "2.3-dev"
                }
            },
            "autoload": {
                "psr-0": {
                    "Symfony\\Component\\Translation\\": ""
                }
            },
            "notification-url": "https://packagist.org/downloads/",
            "license": [
                "MIT"
            ],
            "authors": [
                {
                    "name": "Fabien Potencier",
                    "email": "fabien@symfony.com"
                },
                {
                    "name": "Symfony Community",
                    "homepage": "http://symfony.com/contributors"
                }
            ],
            "description": "Symfony Translation Component",
            "homepage": "http://symfony.com",
            "time": "2013-10-10 13:12:30"
        },
        {
            "name": "vitkutny/cms-shop",
            "version": "dev-master",
            "source": {
                "type": "git",
                "url": "https://github.com/vitkutny/cms-shop.git",
                "reference": "191e97a04abc6466967cf8ba4de3192d524b19c0"
            },
            "dist": {
                "type": "zip",
                "url": "https://api.github.com/repos/vitkutny/cms-shop/zipball/191e97a04abc6466967cf8ba4de3192d524b19c0",
                "reference": "191e97a04abc6466967cf8ba4de3192d524b19c0",
                "shasum": ""
            },
            "type": "cms-module",
            "autoload": {
                "classmap": [
                    "presenters/",
                    "Model/",
                    "Form/",
                    "Component/",
                    "Admin/presenters/"
                ]
            },
            "notification-url": "https://packagist.org/downloads/",
            "time": "2013-11-08 11:52:56"
        }
    ],
    "packages-dev": [

    ],
    "aliases": [

    ],
    "minimum-stability": "stable",
    "stability-flags": {
        "nette/nette": 20,
        "janmarek/webloader": 20,
        "vitkutny/cms-shop": 20,
        "kdyby/translation": 20
    },
    "platform": [

    ],
    "platform-dev": [

    ]
}
