{
    "_readme": [
        "This file locks the dependencies of your project to a known state",
        "Read more about it at http://getcomposer.org/doc/01-basic-usage.md#composer-lock-the-lock-file"
    ],
    "hash": "4f6feb1c10cc7bfb09fce81015d02e11",
    "packages": [
        {
            "name": "janmarek/webloader",
            "version": "dev-master",
            "source": {
                "type": "git",
                "url": "https://github.com/janmarek/WebLoader.git",
                "reference": "d48cc80a6cf8d939daca1551a687db82f4da5603"
            },
            "dist": {
                "type": "zip",
                "url": "https://api.github.com/repos/janmarek/WebLoader/zipball/d48cc80a6cf8d939daca1551a687db82f4da5603",
                "reference": "d48cc80a6cf8d939daca1551a687db82f4da5603",
                "shasum": ""
            },
            "require": {
                "nette/nette": "~2.0"
            },
            "require-dev": {
                "mockery/mockery": "0.7.*",
                "phpunit/phpunit": "3.7.*"
            },
            "type": "library",
            "autoload": {
                "psr-0": {
                    "WebLoader": ""
                }
            },
            "notification-url": "https://packagist.org/downloads/",
            "license": [
                "MIT"
            ],
            "authors": [
                {
                    "name": "Jan Marek",
                    "email": "mail@janmarek.net",
                    "homepage": "http://www.janmarek.net/",
                    "role": "Author"
                }
            ],
            "description": "Tool for loading or deploying CSS and JS files into web pages",
            "homepage": "http://addons.nette.org/cs/webloader",
            "keywords": [
                "assets",
                "css",
                "javascript",
                "nette",
                "webloader"
            ],
            "time": "2013-07-03 22:23:40"
        },
        {
            "name": "nette/nette",
            "version": "dev-master",
            "source": {
                "type": "git",
                "url": "https://github.com/nette/nette.git",
                "reference": "2f4a9570283bde7268127ea212c2430648ae0463"
            },
            "dist": {
                "type": "zip",
                "url": "https://api.github.com/repos/nette/nette/zipball/2f4a9570283bde7268127ea212c2430648ae0463",
                "reference": "2f4a9570283bde7268127ea212c2430648ae0463",
                "shasum": ""
            },
            "require": {
                "ext-iconv": "*",
                "ext-tokenizer": "*",
                "php": ">=5.3.0"
            },
            "require-dev": {
                "nette/tester": "@dev"
            },
            "suggest": {
                "ext-fileinfo": "*",
                "ext-gd": "*",
                "ext-mbstring": "*",
                "ext-memcache": "*",
                "ext-pdo": "*"
            },
            "type": "library",
            "extra": {
                "branch-alias": {
                    "dev-master": "2.1-dev"
                }
            },
            "autoload": {
                "files": [
                    "Nette/loader.php"
                ]
            },
            "notification-url": "https://packagist.org/downloads/",
            "license": [
                "BSD-3-Clause",
                "GPL-2.0",
                "GPL-3.0"
            ],
            "authors": [
                {
                    "name": "David Grudl",
                    "homepage": "http://davidgrudl.com"
                },
                {
                    "name": "Nette Community",
                    "homepage": "http://nette.org/contributors"
                }
            ],
            "description": "Nette Framework - innovative framework for fast and easy development of secured web applications in PHP. Write less, have cleaner code and your work will bring you joy.",
            "homepage": "http://nette.org",
            "keywords": [
                "Forms",
                "database",
                "dbal",
                "debugging",
                "framework",
                "images",
                "latte",
                "mailing",
                "micro",
                "mvc",
                "neon",
                "templating"
            ],
            "time": "2013-11-06 12:24:57"
        },
        {
            "name": "vitkutny/cms-shop",
            "version": "dev-master",
            "source": {
                "type": "git",
                "url": "https://github.com/vitkutny/cms-shop.git",
                "reference": "191e97a04abc6466967cf8ba4de3192d524b19c0"
            },
            "dist": {
                "type": "zip",
                "url": "https://api.github.com/repos/vitkutny/cms-shop/zipball/191e97a04abc6466967cf8ba4de3192d524b19c0",
                "reference": "191e97a04abc6466967cf8ba4de3192d524b19c0",
                "shasum": ""
            },
            "type": "cms-module",
            "autoload": {
                "classmap": [
                    "presenters/",
                    "Model/",
                    "Form/",
                    "Component/",
                    "Admin/presenters/"
                ]
            },
            "notification-url": "https://packagist.org/downloads/",
            "time": "2013-11-08 11:52:56"
        }
    ],
    "packages-dev": [

    ],
    "aliases": [

    ],
    "minimum-stability": "stable",
    "stability-flags": {
        "nette/nette": 20,
        "janmarek/webloader": 20,
        "vitkutny/cms-shop": 20
    },
    "platform": [

    ],
    "platform-dev": [

    ]
}
